
Microsoft Visual Studio Solution File, Format Version 12.00
Project("{FAE04EC0-301F-11D3-BF4B-00C04F79EFBC}") = "ProductCatalog", "ProductCatalog\ProductCatalog.csproj", "{99AD7F11-1299-4B59-BCBF-FFC409C1D78C}"
EndProject
Project("{FAE04EC0-301F-11D3-BF4B-00C04F79EFBC}") = "ProductCatalog.Tests", "ProductCatalog.Tests\ProductCatalog.Tests.csproj", "{0A88B6A6-93F3-412D-8211-F5CF12D077DF}"
EndProject
Project("{2150E333-8FDC-42A3-9474-1A3956D46DE8}") = "SolutionItems", "SolutionItems", "{5E5B400B-3DCD-4215-81B2-CD6FB8A0FD95}"
	ProjectSection(SolutionItems) = preProject
		README.md = README.md
	EndProjectSection
EndProject
Global
	GlobalSection(SolutionConfigurationPlatforms) = preSolution
		Debug|Any CPU = Debug|Any CPU
		Release|Any CPU = Release|Any CPU
	EndGlobalSection
	GlobalSection(ProjectConfigurationPlatforms) = postSolution
		{99AD7F11-1299-4B59-BCBF-FFC409C1D78C}.Debug|Any CPU.ActiveCfg = Debug|Any CPU
		{99AD7F11-1299-4B59-BCBF-FFC409C1D78C}.Debug|Any CPU.Build.0 = Debug|Any CPU
		{99AD7F11-1299-4B59-BCBF-FFC409C1D78C}.Release|Any CPU.ActiveCfg = Release|Any CPU
		{99AD7F11-1299-4B59-BCBF-FFC409C1D78C}.Release|Any CPU.Build.0 = Release|Any CPU
		{0A88B6A6-93F3-412D-8211-F5CF12D077DF}.Debug|Any CPU.ActiveCfg = Debug|Any CPU
		{0A88B6A6-93F3-412D-8211-F5CF12D077DF}.Debug|Any CPU.Build.0 = Debug|Any CPU
		{0A88B6A6-93F3-412D-8211-F5CF12D077DF}.Release|Any CPU.ActiveCfg = Release|Any CPU
		{0A88B6A6-93F3-412D-8211-F5CF12D077DF}.Release|Any CPU.Build.0 = Release|Any CPU
	EndGlobalSection
EndGlobal
